
Microsoft Visual Studio Solution File, Format Version 12.00
# Visual Studio Version 17
VisualStudioVersion = 17.2.32630.192
MinimumVisualStudioVersion = 10.0.40219.1
Project("{9A19103F-16F7-4668-BE54-9A1E7A4F7556}") = "Enginizer.Api", "Enginizer.Api\Enginizer.Api.csproj", "{60455439-8B5D-4DB7-9CD3-0119E29D93CA}"
EndProject
Project("{9A19103F-16F7-4668-BE54-9A1E7A4F7556}") = "Enginizer.Api.Core", "Enginizer.Api.Core\Enginizer.Api.Core.csproj", "{29E0F1EF-B181-44CA-9412-F9A5281F2095}"
EndProject
Project("{9A19103F-16F7-4668-BE54-9A1E7A4F7556}") = "Enginizer.Api.Infrastructure", "Enginizer.Api.Infrastructure\Enginizer.Api.Infrastructure.csproj", "{924E60CC-07DF-4817-B9CC-6FD268010792}"
EndProject
Project("{FAE04EC0-301F-11D3-BF4B-00C04F79EFBC}") = "Enginizer.Api.Domain", "Enginizer.Api.Domain\Enginizer.Api.Domain.csproj", "{A4EDA28C-62CC-4C58-B7FA-9E451DDB04B6}"
EndProject
Global
	GlobalSection(SolutionConfigurationPlatforms) = preSolution
		Debug|Any CPU = Debug|Any CPU
		Release|Any CPU = Release|Any CPU
	EndGlobalSection
	GlobalSection(ProjectConfigurationPlatforms) = postSolution
		{60455439-8B5D-4DB7-9CD3-0119E29D93CA}.Debug|Any CPU.ActiveCfg = Debug|Any CPU
		{60455439-8B5D-4DB7-9CD3-0119E29D93CA}.Debug|Any CPU.Build.0 = Debug|Any CPU
		{60455439-8B5D-4DB7-9CD3-0119E29D93CA}.Release|Any CPU.ActiveCfg = Release|Any CPU
		{60455439-8B5D-4DB7-9CD3-0119E29D93CA}.Release|Any CPU.Build.0 = Release|Any CPU
		{29E0F1EF-B181-44CA-9412-F9A5281F2095}.Debug|Any CPU.ActiveCfg = Debug|Any CPU
		{29E0F1EF-B181-44CA-9412-F9A5281F2095}.Debug|Any CPU.Build.0 = Debug|Any CPU
		{29E0F1EF-B181-44CA-9412-F9A5281F2095}.Release|Any CPU.ActiveCfg = Release|Any CPU
		{29E0F1EF-B181-44CA-9412-F9A5281F2095}.Release|Any CPU.Build.0 = Release|Any CPU
		{924E60CC-07DF-4817-B9CC-6FD268010792}.Debug|Any CPU.ActiveCfg = Debug|Any CPU
		{924E60CC-07DF-4817-B9CC-6FD268010792}.Debug|Any CPU.Build.0 = Debug|Any CPU
		{924E60CC-07DF-4817-B9CC-6FD268010792}.Release|Any CPU.ActiveCfg = Release|Any CPU
		{924E60CC-07DF-4817-B9CC-6FD268010792}.Release|Any CPU.Build.0 = Release|Any CPU
		{A4EDA28C-62CC-4C58-B7FA-9E451DDB04B6}.Debug|Any CPU.ActiveCfg = Debug|Any CPU
		{A4EDA28C-62CC-4C58-B7FA-9E451DDB04B6}.Debug|Any CPU.Build.0 = Debug|Any CPU
		{A4EDA28C-62CC-4C58-B7FA-9E451DDB04B6}.Release|Any CPU.ActiveCfg = Release|Any CPU
		{A4EDA28C-62CC-4C58-B7FA-9E451DDB04B6}.Release|Any CPU.Build.0 = Release|Any CPU
	EndGlobalSection
	GlobalSection(SolutionProperties) = preSolution
		HideSolutionNode = FALSE
	EndGlobalSection
	GlobalSection(ExtensibilityGlobals) = postSolution
		SolutionGuid = {3357A83D-06AF-4AC6-AE24-D7CFC5549E17}
	EndGlobalSection
EndGlobal
